
Microsoft Visual Studio Solution File, Format Version 12.00
# Visual Studio 15
VisualStudioVersion = 15.0.26430.16
MinimumVisualStudioVersion = 10.0.40219.1
Project("{FAE04EC0-301F-11D3-BF4B-00C04F79EFBC}") = "Sample.UWP", "Sample.UWP\Sample.UWP.csproj", "{2EC09424-4015-48D6-9691-5F9C18F76AC6}"
EndProject
Project("{FAE04EC0-301F-11D3-BF4B-00C04F79EFBC}") = "Sample.Droid", "Sample.Droid\Sample.Droid.csproj", "{421FA78B-F4DF-4739-869E-0FD695043C96}"
EndProject
Project("{FAE04EC0-301F-11D3-BF4B-00C04F79EFBC}") = "Sample.iOS", "Sample.iOS\Sample.iOS.csproj", "{15591628-1F91-4A78-AAD6-3E2486155174}"
EndProject
Project("{D954291E-2A0B-460D-934E-DC6B0785DB48}") = "SharedSample", "SharedSample\SharedSample.shproj", "{64D80703-5653-44A0-8C44-B554036DE03C}"
EndProject
Global
	GlobalSection(SharedMSBuildProjectFiles) = preSolution
		SharedSample\SharedSample.projitems*{15591628-1f91-4a78-aad6-3e2486155174}*SharedItemsImports = 4
		SharedSample\SharedSample.projitems*{2ec09424-4015-48d6-9691-5f9c18f76ac6}*SharedItemsImports = 4
		SharedSample\SharedSample.projitems*{421fa78b-f4df-4739-869e-0fd695043c96}*SharedItemsImports = 4
		SharedSample\SharedSample.projitems*{64d80703-5653-44a0-8c44-b554036de03c}*SharedItemsImports = 13
	EndGlobalSection
	GlobalSection(SolutionConfigurationPlatforms) = preSolution
		Ad-Hoc|Any CPU = Ad-Hoc|Any CPU
		Ad-Hoc|ARM = Ad-Hoc|ARM
		Ad-Hoc|iPhone = Ad-Hoc|iPhone
		Ad-Hoc|iPhoneSimulator = Ad-Hoc|iPhoneSimulator
		Ad-Hoc|x64 = Ad-Hoc|x64
		Ad-Hoc|x86 = Ad-Hoc|x86
		AppStore|Any CPU = AppStore|Any CPU
		AppStore|ARM = AppStore|ARM
		AppStore|iPhone = AppStore|iPhone
		AppStore|iPhoneSimulator = AppStore|iPhoneSimulator
		AppStore|x64 = AppStore|x64
		AppStore|x86 = AppStore|x86
		Debug|Any CPU = Debug|Any CPU
		Debug|ARM = Debug|ARM
		Debug|iPhone = Debug|iPhone
		Debug|iPhoneSimulator = Debug|iPhoneSimulator
		Debug|x64 = Debug|x64
		Debug|x86 = Debug|x86
		Release|Any CPU = Release|Any CPU
		Release|ARM = Release|ARM
		Release|iPhone = Release|iPhone
		Release|iPhoneSimulator = Release|iPhoneSimulator
		Release|x64 = Release|x64
		Release|x86 = Release|x86
	EndGlobalSection
	GlobalSection(ProjectConfigurationPlatforms) = postSolution
		{2EC09424-4015-48D6-9691-5F9C18F76AC6}.Ad-Hoc|Any CPU.ActiveCfg = Release|x64
		{2EC09424-4015-48D6-9691-5F9C18F76AC6}.Ad-Hoc|Any CPU.Build.0 = Release|x64
		{2EC09424-4015-48D6-9691-5F9C18F76AC6}.Ad-Hoc|Any CPU.Deploy.0 = Release|x64
		{2EC09424-4015-48D6-9691-5F9C18F76AC6}.Ad-Hoc|ARM.ActiveCfg = Release|ARM
		{2EC09424-4015-48D6-9691-5F9C18F76AC6}.Ad-Hoc|ARM.Build.0 = Release|ARM
		{2EC09424-4015-48D6-9691-5F9C18F76AC6}.Ad-Hoc|ARM.Deploy.0 = Release|ARM
		{2EC09424-4015-48D6-9691-5F9C18F76AC6}.Ad-Hoc|iPhone.ActiveCfg = Release|x64
		{2EC09424-4015-48D6-9691-5F9C18F76AC6}.Ad-Hoc|iPhone.Build.0 = Release|x64
		{2EC09424-4015-48D6-9691-5F9C18F76AC6}.Ad-Hoc|iPhone.Deploy.0 = Release|x64
		{2EC09424-4015-48D6-9691-5F9C18F76AC6}.Ad-Hoc|iPhoneSimulator.ActiveCfg = Release|x64
		{2EC09424-4015-48D6-9691-5F9C18F76AC6}.Ad-Hoc|iPhoneSimulator.Build.0 = Release|x64
		{2EC09424-4015-48D6-9691-5F9C18F76AC6}.Ad-Hoc|iPhoneSimulator.Deploy.0 = Release|x64
		{2EC09424-4015-48D6-9691-5F9C18F76AC6}.Ad-Hoc|x64.ActiveCfg = Release|x64
		{2EC09424-4015-48D6-9691-5F9C18F76AC6}.Ad-Hoc|x64.Build.0 = Release|x64
		{2EC09424-4015-48D6-9691-5F9C18F76AC6}.Ad-Hoc|x64.Deploy.0 = Release|x64
		{2EC09424-4015-48D6-9691-5F9C18F76AC6}.Ad-Hoc|x86.ActiveCfg = Release|x86
		{2EC09424-4015-48D6-9691-5F9C18F76AC6}.Ad-Hoc|x86.Build.0 = Release|x86
		{2EC09424-4015-48D6-9691-5F9C18F76AC6}.Ad-Hoc|x86.Deploy.0 = Release|x86
		{2EC09424-4015-48D6-9691-5F9C18F76AC6}.AppStore|Any CPU.ActiveCfg = Release|x64
		{2EC09424-4015-48D6-9691-5F9C18F76AC6}.AppStore|Any CPU.Build.0 = Release|x64
		{2EC09424-4015-48D6-9691-5F9C18F76AC6}.AppStore|Any CPU.Deploy.0 = Release|x64
		{2EC09424-4015-48D6-9691-5F9C18F76AC6}.AppStore|ARM.ActiveCfg = Release|ARM
		{2EC09424-4015-48D6-9691-5F9C18F76AC6}.AppStore|ARM.Build.0 = Release|ARM
		{2EC09424-4015-48D6-9691-5F9C18F76AC6}.AppStore|ARM.Deploy.0 = Release|ARM
		{2EC09424-4015-48D6-9691-5F9C18F76AC6}.AppStore|iPhone.ActiveCfg = Release|x64
		{2EC09424-4015-48D6-9691-5F9C18F76AC6}.AppStore|iPhone.Build.0 = Release|x64
		{2EC09424-4015-48D6-9691-5F9C18F76AC6}.AppStore|iPhone.Deploy.0 = Release|x64
		{2EC09424-4015-48D6-9691-5F9C18F76AC6}.AppStore|iPhoneSimulator.ActiveCfg = Release|x64
		{2EC09424-4015-48D6-9691-5F9C18F76AC6}.AppStore|iPhoneSimulator.Build.0 = Release|x64
		{2EC09424-4015-48D6-9691-5F9C18F76AC6}.AppStore|iPhoneSimulator.Deploy.0 = Release|x64
		{2EC09424-4015-48D6-9691-5F9C18F76AC6}.AppStore|x64.ActiveCfg = Release|x64
		{2EC09424-4015-48D6-9691-5F9C18F76AC6}.AppStore|x64.Build.0 = Release|x64
		{2EC09424-4015-48D6-9691-5F9C18F76AC6}.AppStore|x64.Deploy.0 = Release|x64
		{2EC09424-4015-48D6-9691-5F9C18F76AC6}.AppStore|x86.ActiveCfg = Release|x86
		{2EC09424-4015-48D6-9691-5F9C18F76AC6}.AppStore|x86.Build.0 = Release|x86
		{2EC09424-4015-48D6-9691-5F9C18F76AC6}.AppStore|x86.Deploy.0 = Release|x86
		{2EC09424-4015-48D6-9691-5F9C18F76AC6}.Debug|Any CPU.ActiveCfg = Debug|x86
		{2EC09424-4015-48D6-9691-5F9C18F76AC6}.Debug|ARM.ActiveCfg = Debug|ARM
		{2EC09424-4015-48D6-9691-5F9C18F76AC6}.Debug|ARM.Build.0 = Debug|ARM
		{2EC09424-4015-48D6-9691-5F9C18F76AC6}.Debug|ARM.Deploy.0 = Debug|ARM
		{2EC09424-4015-48D6-9691-5F9C18F76AC6}.Debug|iPhone.ActiveCfg = Debug|x86
		{2EC09424-4015-48D6-9691-5F9C18F76AC6}.Debug|iPhoneSimulator.ActiveCfg = Debug|x86
		{2EC09424-4015-48D6-9691-5F9C18F76AC6}.Debug|x64.ActiveCfg = Debug|x64
		{2EC09424-4015-48D6-9691-5F9C18F76AC6}.Debug|x64.Build.0 = Debug|x64
		{2EC09424-4015-48D6-9691-5F9C18F76AC6}.Debug|x64.Deploy.0 = Debug|x64
		{2EC09424-4015-48D6-9691-5F9C18F76AC6}.Debug|x86.ActiveCfg = Debug|x86
		{2EC09424-4015-48D6-9691-5F9C18F76AC6}.Debug|x86.Build.0 = Debug|x86
		{2EC09424-4015-48D6-9691-5F9C18F76AC6}.Debug|x86.Deploy.0 = Debug|x86
		{2EC09424-4015-48D6-9691-5F9C18F76AC6}.Release|Any CPU.ActiveCfg = Release|x86
		{2EC09424-4015-48D6-9691-5F9C18F76AC6}.Release|ARM.ActiveCfg = Release|ARM
		{2EC09424-4015-48D6-9691-5F9C18F76AC6}.Release|ARM.Build.0 = Release|ARM
		{2EC09424-4015-48D6-9691-5F9C18F76AC6}.Release|ARM.Deploy.0 = Release|ARM
		{2EC09424-4015-48D6-9691-5F9C18F76AC6}.Release|iPhone.ActiveCfg = Release|x86
		{2EC09424-4015-48D6-9691-5F9C18F76AC6}.Release|iPhoneSimulator.ActiveCfg = Release|x86
		{2EC09424-4015-48D6-9691-5F9C18F76AC6}.Release|x64.ActiveCfg = Release|x64
		{2EC09424-4015-48D6-9691-5F9C18F76AC6}.Release|x64.Build.0 = Release|x64
		{2EC09424-4015-48D6-9691-5F9C18F76AC6}.Release|x64.Deploy.0 = Release|x64
		{2EC09424-4015-48D6-9691-5F9C18F76AC6}.Release|x86.ActiveCfg = Release|x86
		{2EC09424-4015-48D6-9691-5F9C18F76AC6}.Release|x86.Build.0 = Release|x86
		{2EC09424-4015-48D6-9691-5F9C18F76AC6}.Release|x86.Deploy.0 = Release|x86
		{421FA78B-F4DF-4739-869E-0FD695043C96}.Ad-Hoc|Any CPU.ActiveCfg = Release|Any CPU
		{421FA78B-F4DF-4739-869E-0FD695043C96}.Ad-Hoc|Any CPU.Build.0 = Release|Any CPU
		{421FA78B-F4DF-4739-869E-0FD695043C96}.Ad-Hoc|Any CPU.Deploy.0 = Release|Any CPU
		{421FA78B-F4DF-4739-869E-0FD695043C96}.Ad-Hoc|ARM.ActiveCfg = Release|Any CPU
		{421FA78B-F4DF-4739-869E-0FD695043C96}.Ad-Hoc|ARM.Build.0 = Release|Any CPU
		{421FA78B-F4DF-4739-869E-0FD695043C96}.Ad-Hoc|ARM.Deploy.0 = Release|Any CPU
		{421FA78B-F4DF-4739-869E-0FD695043C96}.Ad-Hoc|iPhone.ActiveCfg = Release|Any CPU
		{421FA78B-F4DF-4739-869E-0FD695043C96}.Ad-Hoc|iPhone.Build.0 = Release|Any CPU
		{421FA78B-F4DF-4739-869E-0FD695043C96}.Ad-Hoc|iPhone.Deploy.0 = Release|Any CPU
		{421FA78B-F4DF-4739-869E-0FD695043C96}.Ad-Hoc|iPhoneSimulator.ActiveCfg = Release|Any CPU
		{421FA78B-F4DF-4739-869E-0FD695043C96}.Ad-Hoc|iPhoneSimulator.Build.0 = Release|Any CPU
		{421FA78B-F4DF-4739-869E-0FD695043C96}.Ad-Hoc|iPhoneSimulator.Deploy.0 = Release|Any CPU
		{421FA78B-F4DF-4739-869E-0FD695043C96}.Ad-Hoc|x64.ActiveCfg = Release|Any CPU
		{421FA78B-F4DF-4739-869E-0FD695043C96}.Ad-Hoc|x64.Build.0 = Release|Any CPU
		{421FA78B-F4DF-4739-869E-0FD695043C96}.Ad-Hoc|x64.Deploy.0 = Release|Any CPU
		{421FA78B-F4DF-4739-869E-0FD695043C96}.Ad-Hoc|x86.ActiveCfg = Release|Any CPU
		{421FA78B-F4DF-4739-869E-0FD695043C96}.Ad-Hoc|x86.Build.0 = Release|Any CPU
		{421FA78B-F4DF-4739-869E-0FD695043C96}.Ad-Hoc|x86.Deploy.0 = Release|Any CPU
		{421FA78B-F4DF-4739-869E-0FD695043C96}.AppStore|Any CPU.ActiveCfg = Release|Any CPU
		{421FA78B-F4DF-4739-869E-0FD695043C96}.AppStore|Any CPU.Build.0 = Release|Any CPU
		{421FA78B-F4DF-4739-869E-0FD695043C96}.AppStore|Any CPU.Deploy.0 = Release|Any CPU
		{421FA78B-F4DF-4739-869E-0FD695043C96}.AppStore|ARM.ActiveCfg = Release|Any CPU
		{421FA78B-F4DF-4739-869E-0FD695043C96}.AppStore|ARM.Build.0 = Release|Any CPU
		{421FA78B-F4DF-4739-869E-0FD695043C96}.AppStore|ARM.Deploy.0 = Release|Any CPU
		{421FA78B-F4DF-4739-869E-0FD695043C96}.AppStore|iPhone.ActiveCfg = Release|Any CPU
		{421FA78B-F4DF-4739-869E-0FD695043C96}.AppStore|iPhone.Build.0 = Release|Any CPU
		{421FA78B-F4DF-4739-869E-0FD695043C96}.AppStore|iPhone.Deploy.0 = Release|Any CPU
		{421FA78B-F4DF-4739-869E-0FD695043C96}.AppStore|iPhoneSimulator.ActiveCfg = Release|Any CPU
		{421FA78B-F4DF-4739-869E-0FD695043C96}.AppStore|iPhoneSimulator.Build.0 = Release|Any CPU
		{421FA78B-F4DF-4739-869E-0FD695043C96}.AppStore|iPhoneSimulator.Deploy.0 = Release|Any CPU
		{421FA78B-F4DF-4739-869E-0FD695043C96}.AppStore|x64.ActiveCfg = Release|Any CPU
		{421FA78B-F4DF-4739-869E-0FD695043C96}.AppStore|x64.Build.0 = Release|Any CPU
		{421FA78B-F4DF-4739-869E-0FD695043C96}.AppStore|x64.Deploy.0 = Release|Any CPU
		{421FA78B-F4DF-4739-869E-0FD695043C96}.AppStore|x86.ActiveCfg = Release|Any CPU
		{421FA78B-F4DF-4739-869E-0FD695043C96}.AppStore|x86.Build.0 = Release|Any CPU
		{421FA78B-F4DF-4739-869E-0FD695043C96}.AppStore|x86.Deploy.0 = Release|Any CPU
		{421FA78B-F4DF-4739-869E-0FD695043C96}.Debug|Any CPU.ActiveCfg = Debug|Any CPU
		{421FA78B-F4DF-4739-869E-0FD695043C96}.Debug|Any CPU.Build.0 = Debug|Any CPU
		{421FA78B-F4DF-4739-869E-0FD695043C96}.Debug|Any CPU.Deploy.0 = Debug|Any CPU
		{421FA78B-F4DF-4739-869E-0FD695043C96}.Debug|ARM.ActiveCfg = Debug|Any CPU
		{421FA78B-F4DF-4739-869E-0FD695043C96}.Debug|ARM.Build.0 = Debug|Any CPU
		{421FA78B-F4DF-4739-869E-0FD695043C96}.Debug|ARM.Deploy.0 = Debug|Any CPU
		{421FA78B-F4DF-4739-869E-0FD695043C96}.Debug|iPhone.ActiveCfg = Debug|Any CPU
		{421FA78B-F4DF-4739-869E-0FD695043C96}.Debug|iPhone.Build.0 = Debug|Any CPU
		{421FA78B-F4DF-4739-869E-0FD695043C96}.Debug|iPhone.Deploy.0 = Debug|Any CPU
		{421FA78B-F4DF-4739-869E-0FD695043C96}.Debug|iPhoneSimulator.ActiveCfg = Debug|Any CPU
		{421FA78B-F4DF-4739-869E-0FD695043C96}.Debug|iPhoneSimulator.Build.0 = Debug|Any CPU
		{421FA78B-F4DF-4739-869E-0FD695043C96}.Debug|iPhoneSimulator.Deploy.0 = Debug|Any CPU
		{421FA78B-F4DF-4739-869E-0FD695043C96}.Debug|x64.ActiveCfg = Debug|Any CPU
		{421FA78B-F4DF-4739-869E-0FD695043C96}.Debug|x64.Build.0 = Debug|Any CPU
		{421FA78B-F4DF-4739-869E-0FD695043C96}.Debug|x64.Deploy.0 = Debug|Any CPU
		{421FA78B-F4DF-4739-869E-0FD695043C96}.Debug|x86.ActiveCfg = Debug|Any CPU
		{421FA78B-F4DF-4739-869E-0FD695043C96}.Debug|x86.Build.0 = Debug|Any CPU
		{421FA78B-F4DF-4739-869E-0FD695043C96}.Debug|x86.Deploy.0 = Debug|Any CPU
		{421FA78B-F4DF-4739-869E-0FD695043C96}.Release|Any CPU.ActiveCfg = Release|Any CPU
		{421FA78B-F4DF-4739-869E-0FD695043C96}.Release|Any CPU.Build.0 = Release|Any CPU
		{421FA78B-F4DF-4739-869E-0FD695043C96}.Release|Any CPU.Deploy.0 = Release|Any CPU
		{421FA78B-F4DF-4739-869E-0FD695043C96}.Release|ARM.ActiveCfg = Release|Any CPU
		{421FA78B-F4DF-4739-869E-0FD695043C96}.Release|ARM.Build.0 = Release|Any CPU
		{421FA78B-F4DF-4739-869E-0FD695043C96}.Release|ARM.Deploy.0 = Release|Any CPU
		{421FA78B-F4DF-4739-869E-0FD695043C96}.Release|iPhone.ActiveCfg = Release|Any CPU
		{421FA78B-F4DF-4739-869E-0FD695043C96}.Release|iPhone.Build.0 = Release|Any CPU
		{421FA78B-F4DF-4739-869E-0FD695043C96}.Release|iPhone.Deploy.0 = Release|Any CPU
		{421FA78B-F4DF-4739-869E-0FD695043C96}.Release|iPhoneSimulator.ActiveCfg = Release|Any CPU
		{421FA78B-F4DF-4739-869E-0FD695043C96}.Release|iPhoneSimulator.Build.0 = Release|Any CPU
		{421FA78B-F4DF-4739-869E-0FD695043C96}.Release|iPhoneSimulator.Deploy.0 = Release|Any CPU
		{421FA78B-F4DF-4739-869E-0FD695043C96}.Release|x64.ActiveCfg = Release|Any CPU
		{421FA78B-F4DF-4739-869E-0FD695043C96}.Release|x64.Build.0 = Release|Any CPU
		{421FA78B-F4DF-4739-869E-0FD695043C96}.Release|x64.Deploy.0 = Release|Any CPU
		{421FA78B-F4DF-4739-869E-0FD695043C96}.Release|x86.ActiveCfg = Release|Any CPU
		{421FA78B-F4DF-4739-869E-0FD695043C96}.Release|x86.Build.0 = Release|Any CPU
		{421FA78B-F4DF-4739-869E-0FD695043C96}.Release|x86.Deploy.0 = Release|Any CPU
		{15591628-1F91-4A78-AAD6-3E2486155174}.Ad-Hoc|Any CPU.ActiveCfg = Ad-Hoc|iPhone
		{15591628-1F91-4A78-AAD6-3E2486155174}.Ad-Hoc|ARM.ActiveCfg = Ad-Hoc|iPhone
		{15591628-1F91-4A78-AAD6-3E2486155174}.Ad-Hoc|iPhone.ActiveCfg = Ad-Hoc|iPhone
		{15591628-1F91-4A78-AAD6-3E2486155174}.Ad-Hoc|iPhone.Build.0 = Ad-Hoc|iPhone
		{15591628-1F91-4A78-AAD6-3E2486155174}.Ad-Hoc|iPhoneSimulator.ActiveCfg = Ad-Hoc|iPhoneSimulator
		{15591628-1F91-4A78-AAD6-3E2486155174}.Ad-Hoc|iPhoneSimulator.Build.0 = Ad-Hoc|iPhoneSimulator
		{15591628-1F91-4A78-AAD6-3E2486155174}.Ad-Hoc|x64.ActiveCfg = Ad-Hoc|iPhone
		{15591628-1F91-4A78-AAD6-3E2486155174}.Ad-Hoc|x86.ActiveCfg = Ad-Hoc|iPhone
		{15591628-1F91-4A78-AAD6-3E2486155174}.AppStore|Any CPU.ActiveCfg = AppStore|iPhone
		{15591628-1F91-4A78-AAD6-3E2486155174}.AppStore|ARM.ActiveCfg = AppStore|iPhone
		{15591628-1F91-4A78-AAD6-3E2486155174}.AppStore|iPhone.ActiveCfg = AppStore|iPhone
		{15591628-1F91-4A78-AAD6-3E2486155174}.AppStore|iPhone.Build.0 = AppStore|iPhone
		{15591628-1F91-4A78-AAD6-3E2486155174}.AppStore|iPhoneSimulator.ActiveCfg = AppStore|iPhoneSimulator
		{15591628-1F91-4A78-AAD6-3E2486155174}.AppStore|iPhoneSimulator.Build.0 = AppStore|iPhoneSimulator
		{15591628-1F91-4A78-AAD6-3E2486155174}.AppStore|x64.ActiveCfg = AppStore|iPhone
		{15591628-1F91-4A78-AAD6-3E2486155174}.AppStore|x86.ActiveCfg = AppStore|iPhone
		{15591628-1F91-4A78-AAD6-3E2486155174}.Debug|Any CPU.ActiveCfg = Debug|iPhone
		{15591628-1F91-4A78-AAD6-3E2486155174}.Debug|ARM.ActiveCfg = Debug|iPhone
		{15591628-1F91-4A78-AAD6-3E2486155174}.Debug|iPhone.ActiveCfg = Debug|iPhone
		{15591628-1F91-4A78-AAD6-3E2486155174}.Debug|iPhone.Build.0 = Debug|iPhone
		{15591628-1F91-4A78-AAD6-3E2486155174}.Debug|iPhoneSimulator.ActiveCfg = Debug|iPhoneSimulator
		{15591628-1F91-4A78-AAD6-3E2486155174}.Debug|iPhoneSimulator.Build.0 = Debug|iPhoneSimulator
		{15591628-1F91-4A78-AAD6-3E2486155174}.Debug|x64.ActiveCfg = Debug|iPhone
		{15591628-1F91-4A78-AAD6-3E2486155174}.Debug|x86.ActiveCfg = Debug|iPhone
		{15591628-1F91-4A78-AAD6-3E2486155174}.Release|Any CPU.ActiveCfg = Release|iPhone
		{15591628-1F91-4A78-AAD6-3E2486155174}.Release|ARM.ActiveCfg = Release|iPhone
		{15591628-1F91-4A78-AAD6-3E2486155174}.Release|iPhone.ActiveCfg = Release|iPhone
		{15591628-1F91-4A78-AAD6-3E2486155174}.Release|iPhone.Build.0 = Release|iPhone
		{15591628-1F91-4A78-AAD6-3E2486155174}.Release|iPhoneSimulator.ActiveCfg = Release|iPhoneSimulator
		{15591628-1F91-4A78-AAD6-3E2486155174}.Release|iPhoneSimulator.Build.0 = Release|iPhoneSimulator
		{15591628-1F91-4A78-AAD6-3E2486155174}.Release|x64.ActiveCfg = Release|iPhone
		{15591628-1F91-4A78-AAD6-3E2486155174}.Release|x86.ActiveCfg = Release|iPhone
	EndGlobalSection
	GlobalSection(SolutionProperties) = preSolution
		HideSolutionNode = FALSE
	EndGlobalSection
EndGlobal
